{
  "name": "boite-post-redux-form",
  "version": "0.1.0",
  "lockfileVersion": 1,
  "requires": true,
  "dependencies": {
    "casual": {
      "version": "1.6.0",
      "resolved": "https://registry.npmjs.org/casual/-/casual-1.6.0.tgz",
      "integrity": "sha512-UmOIqc09KMrGIOKbLsb8GfPHDW8E+hdI1AjmJ8BYhQazTj8BHX3y6zEXj5lT7v7T4ZBkO180HXXF8ZACf3qANA==",
      "requires": {
        "mersenne-twister": "^1.0.1",
        "moment": "^2.15.2"
      }
    },
    "mersenne-twister": {
      "version": "1.1.0",
      "resolved": "https://registry.npmjs.org/mersenne-twister/-/mersenne-twister-1.1.0.tgz",
      "integrity": "sha1-+RZhjuQ9cXnvz2Qb7EUx65Zwl4o="
    },
    "moment": {
      "version": "2.24.0",
      "resolved": "https://registry.npmjs.org/moment/-/moment-2.24.0.tgz",
      "integrity": "sha512-bV7f+6l2QigeBBZSM/6yTNq4P2fNpSWj/0e7jQcy87A8e7o2nAfP/34/2ky5Vw4B9S446EtIhodAzkFCcR4dQg=="
    }
  }
}
